<?xml version="1.0" encoding="utf-8"?>
<Project ToolsVersion="4.0" xmlns="http://schemas.microsoft.com/developer/msbuild/2003">
  <ItemGroup>
    <ClInclude Include="catch.hpp" />
    <ClInclude Include="Json.h" />
    <ClInclude Include="Tests.h" />
  </ItemGroup>
  <ItemGroup>
    <ClCompile Include="Json.cpp" />
    <ClCompile Include="main.cpp" />
    <ClCompile Include="Tests.cpp" />
  </ItemGroup>
  <ItemGroup>
    <None Include="write_json_test.json" />
  </ItemGroup>
</Project>